
Microsoft Visual Studio Solution File, Format Version 12.00
# Visual Studio 15
VisualStudioVersion = 15.0.26730.16
MinimumVisualStudioVersion = 10.0.40219.1
Project("{8BC9CEB8-8B4A-11D0-8D11-00A0C91BC942}") = "Planet", "Planet\Planet.vcxproj", "{B45506A8-7FDA-45AE-9258-D870E92F8B0C}"
EndProject
Project("{8BC9CEB8-8B4A-11D0-8D11-00A0C91BC942}") = "Engine", "Engine\Engine.vcxproj", "{F86F8048-B833-40A4-8D01-0F8B74C37EE6}"
EndProject
Project("{8BC9CEB8-8B4A-11D0-8D11-00A0C91BC942}") = "Texture", "Texture\Texture.vcxproj", "{EBECAFEC-F82F-4C80-ACD4-67B136F1A800}"
EndProject
Global
	GlobalSection(SolutionConfigurationPlatforms) = preSolution
		Debug|x64 = Debug|x64
		Debug|x86 = Debug|x86
		Release|x64 = Release|x64
		Release|x86 = Release|x86
	EndGlobalSection
	GlobalSection(ProjectConfigurationPlatforms) = postSolution
		{B45506A8-7FDA-45AE-9258-D870E92F8B0C}.Debug|x64.ActiveCfg = Debug|x64
		{B45506A8-7FDA-45AE-9258-D870E92F8B0C}.Debug|x64.Build.0 = Debug|x64
		{B45506A8-7FDA-45AE-9258-D870E92F8B0C}.Debug|x86.ActiveCfg = Debug|Win32
		{B45506A8-7FDA-45AE-9258-D870E92F8B0C}.Debug|x86.Build.0 = Debug|Win32
		{B45506A8-7FDA-45AE-9258-D870E92F8B0C}.Release|x64.ActiveCfg = Release|x64
		{B45506A8-7FDA-45AE-9258-D870E92F8B0C}.Release|x64.Build.0 = Release|x64
		{B45506A8-7FDA-45AE-9258-D870E92F8B0C}.Release|x86.ActiveCfg = Release|Win32
		{B45506A8-7FDA-45AE-9258-D870E92F8B0C}.Release|x86.Build.0 = Release|Win32
		{F86F8048-B833-40A4-8D01-0F8B74C37EE6}.Debug|x64.ActiveCfg = Debug|x64
		{F86F8048-B833-40A4-8D01-0F8B74C37EE6}.Debug|x64.Build.0 = Debug|x64
		{F86F8048-B833-40A4-8D01-0F8B74C37EE6}.Debug|x86.ActiveCfg = Debug|Win32
		{F86F8048-B833-40A4-8D01-0F8B74C37EE6}.Debug|x86.Build.0 = Debug|Win32
		{F86F8048-B833-40A4-8D01-0F8B74C37EE6}.Release|x64.ActiveCfg = Release|x64
		{F86F8048-B833-40A4-8D01-0F8B74C37EE6}.Release|x64.Build.0 = Release|x64
		{F86F8048-B833-40A4-8D01-0F8B74C37EE6}.Release|x86.ActiveCfg = Release|Win32
		{F86F8048-B833-40A4-8D01-0F8B74C37EE6}.Release|x86.Build.0 = Release|Win32
		{EBECAFEC-F82F-4C80-ACD4-67B136F1A800}.Debug|x64.ActiveCfg = Debug|x64
		{EBECAFEC-F82F-4C80-ACD4-67B136F1A800}.Debug|x64.Build.0 = Debug|x64
		{EBECAFEC-F82F-4C80-ACD4-67B136F1A800}.Debug|x86.ActiveCfg = Debug|Win32
		{EBECAFEC-F82F-4C80-ACD4-67B136F1A800}.Debug|x86.Build.0 = Debug|Win32
		{EBECAFEC-F82F-4C80-ACD4-67B136F1A800}.Release|x64.ActiveCfg = Release|x64
		{EBECAFEC-F82F-4C80-ACD4-67B136F1A800}.Release|x64.Build.0 = Release|x64
		{EBECAFEC-F82F-4C80-ACD4-67B136F1A800}.Release|x86.ActiveCfg = Release|Win32
		{EBECAFEC-F82F-4C80-ACD4-67B136F1A800}.Release|x86.Build.0 = Release|Win32
	EndGlobalSection
	GlobalSection(SolutionProperties) = preSolution
		HideSolutionNode = FALSE
	EndGlobalSection
	GlobalSection(ExtensibilityGlobals) = postSolution
		SolutionGuid = {E8ADF8E0-CD42-4B5D-9AD5-7CC13D3E0536}
	EndGlobalSection
EndGlobal
